github.com/c2sp/wycheproof v0.0.0-20260105152342-fca0d3ba9f12 h1:C34LW7dhWgjAaAOdNB8z2UCyJsXDjC6UTILljHuqOlI=
github.com/c2sp/wycheproof v0.0.0-20260105152342-fca0d3ba9f12/go.mod h1:U1QjrC6KepOmtVmJn3QsKOTd9HliGr/da5afPEhLRnk=
github.com/gen2brain/malgo v0.11.26 h1:k5WcPIKw1bbJAbPqrvNPt7nehPLoaPNcOFde2+eruiM=
github.com/gen2brain/malgo v0.11.26/go.mod h1:xLVG3ROA33Bzol1quF3e4ehqcFuqh8QK4B8T6LQUs/M=
github.com/keybase/go-keychain v0.0.1 h1:way+bWYa6lDppZoZcgMbYsvC7GxljxrskdNInRtuthU=
github.com/keybase/go-keychain v0.0.1/go.mod h1:PdEILRW3i9D8JcdM+FmY6RwkHGnhHxXwkPPMeUgOK1k=
github.com/oasisprotocol/curve25519-voi v0.0.0-20251114093237-2ab5a27a1729 h1:yfQ2sO9WJXUAIUR+g7NUkxJSKCAFJcR5sUDu+ZmjTZI=
github.com/oasisprotocol/curve25519-voi v0.0.0-20251114093237-2ab5a27a1729/go.mod h1:hVoHR2EVESiICEMbg137etN/Lx+lSrHPTD39Z/uE+2s=
github.com/thesyncim/gopus v0.1.1 h1:SM58S7VZGnEZ3ZR0pX5AoC33//LBxJhKkvm15MbBmik=
github.com/thesyncim/gopus v0.1.1/go.mod h1:orRqwrGs5gqYRRnhqwI0Y3liqQTeDkreUpra+Kv9bQc=
github.com/tink-crypto/tink-go/v2 v2.8.0 h1:1zODq1bZDqOQdNPjhvwGYLDw9On7mDWPnQf+4xXlpAc=
github.com/tink-crypto/tink-go/v2 v2.8.0/go.mod h1:aNXZeyxjQU9iqAeARRNmbESXUW6Mao1HRCCTY8B1TFM=
golang.org/x/crypto v0.53.0 h1:QZ4Muo8THX6CizN2vPPd5fBGHyogrdK9fG4wLPFUsto=
golang.org/x/crypto v0.53.0/go.mod h1:DNLU434OwVakk9PzuwV8w62mAJpRJL3vsgcfp4Qnsio=
golang.org/x/image v0.41.0 h1:8wS72eGJMJaBxK6okTzd4WaXumUlTVlb753MlsSvTCo=
golang.org/x/image v0.41.0/go.mod h1:uIc348UZMSvS5Z65CVZ7iDPaNobNFEPeJ4kbqTOszmA=
golang.org/x/sys v0.46.0 h1:noSf2Fq6F8DBgS+LysIkx7rIExoNHJsxOAtPp4rthXw=
golang.org/x/sys v0.46.0/go.mod h1:4GL1E5IUh+htKOUEOaiffhrAeqysfVGipDYzABqnCmw=
google.golang.org/protobuf v1.36.11 h1:fV6ZwhNocDyBLK0dj+fg8ektcVegBBuEolpbTQyBNVE=
google.golang.org/protobuf v1.36.11/go.mod h1:HTf+CrKn2C3g5S8VImy6tdcUvCska2kB7j23XfzDpco=
