# This file is automatically @generated by Cargo.
# It is not intended for manual editing.
version = 4

[[package]]
name = "opus-rs"
version = "0.1.33"
source = "registry+https://github.com/rust-lang/crates.io-index"
checksum = "a8380ecc3f3861651992dad78a8c135b3dcd94a3bcd279a733b5a078174742f6"

[[package]]
name = "resona-opus-bench"
version = "0.1.0"
dependencies = [
 "opus-rs",
 "rusty-opus",
]

[[package]]
name = "rusty-opus"
version = "0.9.1"
source = "registry+https://github.com/rust-lang/crates.io-index"
checksum = "aa2cbb720cf9bed36712efbae9ffc89d8977bf51b05687b792c1f98a33add8e2"
